// !$*UTF8*$!
{
	archiveVersion = 1;
	classes = {
	};
	objectVersion = 48;
	objects = {

/* Begin PBXBuildFile section */
		63054DBD235E8E57F67757C4 /* Pods_CustomAppTests.framework in Frameworks */ = {isa = PBXBuildFile; fileRef = 44F13BA8EDF382772949319C /* Pods_CustomAppTests.framework */; };
		686E75D82091B1A8000B3C5C /* TitleViewController.swift in Sources */ = {isa = PBXBuildFile; fileRef = 686E75D72091B1A8000B3C5C /* TitleViewController.swift */; };
		6874D4A52096A53800136DA1 /* ARViewController.swift in Sources */ = {isa = PBXBuildFile; fileRef = 6874D4A42096A53800136DA1 /* ARViewController.swift */; };
		6874D4A72097BF1F00136DA1 /* ship.scn in Sources */ = {isa = PBXBuildFile; fileRef = 6874D4A62097BF1F00136DA1 /* ship.scn */; };
		6874D4A92097BF3F00136DA1 /* texture.png in Sources */ = {isa = PBXBuildFile; fileRef = 6874D4A82097BF3F00136DA1 /* texture.png */; };
		6874D4AC20980BC700136DA1 /* MapViewController.swift in Sources */ = {isa = PBXBuildFile; fileRef = 6874D4AB20980BC700136DA1 /* MapViewController.swift */; };
		6874D4B2209853CA00136DA1 /* Info.plist in Resources */ = {isa = PBXBuildFile; fileRef = 6874D4B1209853CA00136DA1 /* Info.plist */; };
		6899CC0B208E6140002CA868 /* SignInViewController.swift in Sources */ = {isa = PBXBuildFile; fileRef = 6899CC0A208E6140002CA868 /* SignInViewController.swift */; };
		6899CC13208F231A002CA868 /* SignUpViewController.swift in Sources */ = {isa = PBXBuildFile; fileRef = 6899CC12208F231A002CA868 /* SignUpViewController.swift */; };
		689F9A96208F2B3C00A99F5E /* GoogleService-Info.plist in Resources */ = {isa = PBXBuildFile; fileRef = 689F9A95208F2B3B00A99F5E /* GoogleService-Info.plist */; };
		68B2AA2B209A0CE300796723 /* Post.swift in Sources */ = {isa = PBXBuildFile; fileRef = 68B2AA2A209A0CE300796723 /* Post.swift */; };
		A272DDD0EF936A373B4D7883 /* Pods_CustomAppUITests.framework in Frameworks */ = {isa = PBXBuildFile; fileRef = B483ED019CAFE9A6DC9DF5C2 /* Pods_CustomAppUITests.framework */; };
		A915FB13208728BE006DAF81 /* AppDelegate.swift in Sources */ = {isa = PBXBuildFile; fileRef = A915FB12208728BE006DAF81 /* AppDelegate.swift */; };
		A915FB18208728BE006DAF81 /* Main.storyboard in Resources */ = {isa = PBXBuildFile; fileRef = A915FB16208728BE006DAF81 /* Main.storyboard */; };
		A915FB1A208728BE006DAF81 /* Layer 2@3x.png in Resources */ = {isa = PBXBuildFile; fileRef = A915FB19208728BE006DAF81 /* Layer 2@3x.png */; };
		A915FB1D208728BE006DAF81 /* LaunchScreen.storyboard in Resources */ = {isa = PBXBuildFile; fileRef = A915FB1B208728BE006DAF81 /* LaunchScreen.storyboard */; };
		A915FB28208728BE006DAF81 /* CustomAppTests.swift in Sources */ = {isa = PBXBuildFile; fileRef = A915FB27208728BE006DAF81 /* CustomAppTests.swift */; };
		A915FB33208728BE006DAF81 /* CustomAppUITests.swift in Sources */ = {isa = PBXBuildFile; fileRef = A915FB32208728BE006DAF81 /* CustomAppUITests.swift */; };
		C515A088AF12EBB681833ECC /* Pods_CustomApp.framework in Frameworks */ = {isa = PBXBuildFile; fileRef = 5B5F91B8809E36A5EA13D917 /* Pods_CustomApp.framework */; };
/* End PBXBuildFile section */

/* Begin PBXContainerItemProxy section */
		A915FB24208728BE006DAF81 /* PBXContainerItemProxy */ = {
			isa = PBXContainerItemProxy;
			containerPortal = A915FB07208728BE006DAF81 /* Project object */;
			proxyType = 1;
			remoteGlobalIDString = A915FB0E208728BE006DAF81;
			remoteInfo = CustomApp;
		};
		A915FB2F208728BE006DAF81 /* PBXContainerItemProxy */ = {
			isa = PBXContainerItemProxy;
			containerPortal = A915FB07208728BE006DAF81 /* Project object */;
			proxyType = 1;
			remoteGlobalIDString = A915FB0E208728BE006DAF81;
			remoteInfo = CustomApp;
		};
/* End PBXContainerItemProxy section */

/* Begin PBXFileReference section */
		44F13BA8EDF382772949319C /* Pods_CustomAppTests.framework */ = {isa = PBXFileReference; explicitFileType = wrapper.framework; includeInIndex = 0; path = Pods_CustomAppTests.framework; sourceTree = BUILT_PRODUCTS_DIR; };
		5B5F91B8809E36A5EA13D917 /* Pods_CustomApp.framework */ = {isa = PBXFileReference; explicitFileType = wrapper.framework; includeInIndex = 0; path = Pods_CustomApp.framework; sourceTree = BUILT_PRODUCTS_DIR; };
		5EECB3F147DC00E91D8C7F85 /* Pods-CustomApp.release.xcconfig */ = {isa = PBXFileReference; includeInIndex = 1; lastKnownFileType = text.xcconfig; name = "Pods-CustomApp.release.xcconfig"; path = "Pods/Target Support Files/Pods-CustomApp/Pods-CustomApp.release.xcconfig"; sourceTree = "<group>"; };
		686E75D72091B1A8000B3C5C /* TitleViewController.swift */ = {isa = PBXFileReference; lastKnownFileType = sourcecode.swift; path = TitleViewController.swift; sourceTree = "<group>"; };
		6874D4A42096A53800136DA1 /* ARViewController.swift */ = {isa = PBXFileReference; lastKnownFileType = sourcecode.swift; path = ARViewController.swift; sourceTree = "<group>"; };
		6874D4A62097BF1F00136DA1 /* ship.scn */ = {isa = PBXFileReference; lastKnownFileType = file.bplist; name = ship.scn; path = "../CustomApp 2 2/CustomApp/ship.scn"; sourceTree = "<group>"; };
		6874D4A82097BF3F00136DA1 /* texture.png */ = {isa = PBXFileReference; lastKnownFileType = image.png; name = texture.png; path = "../CustomApp 2 2/CustomApp/Assets.xcassets/texture.imageset/texture.png"; sourceTree = "<group>"; };
		6874D4AA2097C09C00136DA1 /* ship.scn */ = {isa = PBXFileReference; lastKnownFileType = file.bplist; path = ship.scn; sourceTree = "<group>"; };
		6874D4AB20980BC700136DA1 /* MapViewController.swift */ = {isa = PBXFileReference; lastKnownFileType = sourcecode.swift; path = MapViewController.swift; sourceTree = "<group>"; };
		6874D4B1209853CA00136DA1 /* Info.plist */ = {isa = PBXFileReference; fileEncoding = 4; lastKnownFileType = text.plist.xml; path = Info.plist; sourceTree = "<group>"; };
		6899CC0A208E6140002CA868 /* SignInViewController.swift */ = {isa = PBXFileReference; lastKnownFileType = sourcecode.swift; path = SignInViewController.swift; sourceTree = "<group>"; };
		6899CC12208F231A002CA868 /* SignUpViewController.swift */ = {isa = PBXFileReference; lastKnownFileType = sourcecode.swift; path = SignUpViewController.swift; sourceTree = "<group>"; };
		689F9A95208F2B3B00A99F5E /* GoogleService-Info.plist */ = {isa = PBXFileReference; fileEncoding = 4; lastKnownFileType = text.plist.xml; path = "GoogleService-Info.plist"; sourceTree = "<group>"; };
		68B2AA282099C84200796723 /* MainARViewController.swift */ = {isa = PBXFileReference; lastKnownFileType = sourcecode.swift; path = MainARViewController.swift; sourceTree = "<group>"; };
		68B2AA2A209A0CE300796723 /* Post.swift */ = {isa = PBXFileReference; lastKnownFileType = sourcecode.swift; path = Post.swift; sourceTree = "<group>"; };
		6ADB789E93438D2B1EA1A26D /* Pods-CustomAppTests.release.xcconfig */ = {isa = PBXFileReference; includeInIndex = 1; lastKnownFileType = text.xcconfig; name = "Pods-CustomAppTests.release.xcconfig"; path = "Pods/Target Support Files/Pods-CustomAppTests/Pods-CustomAppTests.release.xcconfig"; sourceTree = "<group>"; };
		76FD12DAFCF5D5929636B851 /* Pods-CustomAppTests.debug.xcconfig */ = {isa = PBXFileReference; includeInIndex = 1; lastKnownFileType = text.xcconfig; name = "Pods-CustomAppTests.debug.xcconfig"; path = "Pods/Target Support Files/Pods-CustomAppTests/Pods-CustomAppTests.debug.xcconfig"; sourceTree = "<group>"; };
		A915FB0F208728BE006DAF81 /* CustomApp.app */ = {isa = PBXFileReference; explicitFileType = wrapper.application; includeInIndex = 0; path = CustomApp.app; sourceTree = BUILT_PRODUCTS_DIR; };
		A915FB12208728BE006DAF81 /* AppDelegate.swift */ = {isa = PBXFileReference; lastKnownFileType = sourcecode.swift; path = AppDelegate.swift; sourceTree = "<group>"; };
		A915FB17208728BE006DAF81 /* Base */ = {isa = PBXFileReference; lastKnownFileType = file.storyboard; name = Base; path = Base.lproj/Main.storyboard; sourceTree = "<group>"; };
		A915FB19208728BE006DAF81 /* Layer 2@3x.png */ = {isa = PBXFileReference; lastKnownFileType = image.png; name = "Layer 2@3x.png"; path = "Assets.xcassets/3x-1/Layer 2.imageset/Layer 2@3x.png"; sourceTree = "<group>"; };
		A915FB1C208728BE006DAF81 /* Base */ = {isa = PBXFileReference; lastKnownFileType = file.storyboard; name = Base; path = Base.lproj/LaunchScreen.storyboard; sourceTree = "<group>"; };
		A915FB23208728BE006DAF81 /* CustomAppTests.xctest */ = {isa = PBXFileReference; explicitFileType = wrapper.cfbundle; includeInIndex = 0; path = CustomAppTests.xctest; sourceTree = BUILT_PRODUCTS_DIR; };
		A915FB27208728BE006DAF81 /* CustomAppTests.swift */ = {isa = PBXFileReference; lastKnownFileType = sourcecode.swift; path = CustomAppTests.swift; sourceTree = "<group>"; };
		A915FB29208728BE006DAF81 /* Info.plist */ = {isa = PBXFileReference; lastKnownFileType = text.plist.xml; name = Info.plist; path = CustomAppTests/Info.plist; sourceTree = SOURCE_ROOT; };
		A915FB2E208728BE006DAF81 /* CustomAppUITests.xctest */ = {isa = PBXFileReference; explicitFileType = wrapper.cfbundle; includeInIndex = 0; path = CustomAppUITests.xctest; sourceTree = BUILT_PRODUCTS_DIR; };
		A915FB32208728BE006DAF81 /* CustomAppUITests.swift */ = {isa = PBXFileReference; lastKnownFileType = sourcecode.swift; path = CustomAppUITests.swift; sourceTree = "<group>"; };
		A915FB34208728BE006DAF81 /* Info.plist */ = {isa = PBXFileReference; lastKnownFileType = text.plist.xml; path = Info.plist; sourceTree = "<group>"; };
		B05E16F887990CF42E546708 /* Pods-CustomAppUITests.release.xcconfig */ = {isa = PBXFileReference; includeInIndex = 1; lastKnownFileType = text.xcconfig; name = "Pods-CustomAppUITests.release.xcconfig"; path = "Pods/Target Support Files/Pods-CustomAppUITests/Pods-CustomAppUITests.release.xcconfig"; sourceTree = "<group>"; };
		B483ED019CAFE9A6DC9DF5C2 /* Pods_CustomAppUITests.framework */ = {isa = PBXFileReference; explicitFileType = wrapper.framework; includeInIndex = 0; path = Pods_CustomAppUITests.framework; sourceTree = BUILT_PRODUCTS_DIR; };
		DF48C07D1FCB52F82F147525 /* Pods-CustomApp.debug.xcconfig */ = {isa = PBXFileReference; includeInIndex = 1; lastKnownFileType = text.xcconfig; name = "Pods-CustomApp.debug.xcconfig"; path = "Pods/Target Support Files/Pods-CustomApp/Pods-CustomApp.debug.xcconfig"; sourceTree = "<group>"; };
		FDA9574A949C3532A4303B38 /* Pods-CustomAppUITests.debug.xcconfig */ = {isa = PBXFileReference; includeInIndex = 1; lastKnownFileType = text.xcconfig; name = "Pods-CustomAppUITests.debug.xcconfig"; path = "Pods/Target Support Files/Pods-CustomAppUITests/Pods-CustomAppUITests.debug.xcconfig"; sourceTree = "<group>"; };
/* End PBXFileReference section */

/* Begin PBXFrameworksBuildPhase section */
		A915FB0C208728BE006DAF81 /* Frameworks */ = {
			isa = PBXFrameworksBuildPhase;
			buildActionMask = 2147483647;
			files = (
				C515A088AF12EBB681833ECC /* Pods_CustomApp.framework in Frameworks */,
			);
			runOnlyForDeploymentPostprocessing = 0;
		};
		A915FB20208728BE006DAF81 /* Frameworks */ = {
			isa = PBXFrameworksBuildPhase;
			buildActionMask = 2147483647;
			files = (
				63054DBD235E8E57F67757C4 /* Pods_CustomAppTests.framework in Frameworks */,
			);
			runOnlyForDeploymentPostprocessing = 0;
		};
		A915FB2B208728BE006DAF81 /* Frameworks */ = {
			isa = PBXFrameworksBuildPhase;
			buildActionMask = 2147483647;
			files = (
				A272DDD0EF936A373B4D7883 /* Pods_CustomAppUITests.framework in Frameworks */,
			);
			runOnlyForDeploymentPostprocessing = 0;
		};
/* End PBXFrameworksBuildPhase section */

/* Begin PBXGroup section */
		68246FBEA3EC27A8B357838E /* Frameworks */ = {
			isa = PBXGroup;
			children = (
				5B5F91B8809E36A5EA13D917 /* Pods_CustomApp.framework */,
				44F13BA8EDF382772949319C /* Pods_CustomAppTests.framework */,
				B483ED019CAFE9A6DC9DF5C2 /* Pods_CustomAppUITests.framework */,
			);
			name = Frameworks;
			sourceTree = "<group>";
		};
		A915FB06208728BE006DAF81 = {
			isa = PBXGroup;
			children = (
				6874D4A82097BF3F00136DA1 /* texture.png */,
				6874D4A62097BF1F00136DA1 /* ship.scn */,
				A915FB11208728BE006DAF81 /* CustomApp */,
				A915FB26208728BE006DAF81 /* CustomAppTests */,
				A915FB31208728BE006DAF81 /* CustomAppUITests */,
				A915FB10208728BE006DAF81 /* Products */,
				EEDCADC32E0E724BFC2971CB /* Pods */,
				68246FBEA3EC27A8B357838E /* Frameworks */,
			);
			sourceTree = "<group>";
		};
		A915FB10208728BE006DAF81 /* Products */ = {
			isa = PBXGroup;
			children = (
				A915FB0F208728BE006DAF81 /* CustomApp.app */,
				A915FB23208728BE006DAF81 /* CustomAppTests.xctest */,
				A915FB2E208728BE006DAF81 /* CustomAppUITests.xctest */,
			);
			name = Products;
			sourceTree = "<group>";
		};
		A915FB11208728BE006DAF81 /* CustomApp */ = {
			isa = PBXGroup;
			children = (
				689F9A95208F2B3B00A99F5E /* GoogleService-Info.plist */,
				6899CC12208F231A002CA868 /* SignUpViewController.swift */,
				A915FB12208728BE006DAF81 /* AppDelegate.swift */,
				A915FB16208728BE006DAF81 /* Main.storyboard */,
				68B2AA282099C84200796723 /* MainARViewController.swift */,
				6874D4A42096A53800136DA1 /* ARViewController.swift */,
				686E75D72091B1A8000B3C5C /* TitleViewController.swift */,
				6899CC0A208E6140002CA868 /* SignInViewController.swift */,
				A915FB19208728BE006DAF81 /* Layer 2@3x.png */,
				6874D4AA2097C09C00136DA1 /* ship.scn */,
				A915FB1B208728BE006DAF81 /* LaunchScreen.storyboard */,
				6874D4AB20980BC700136DA1 /* MapViewController.swift */,
				6874D4B1209853CA00136DA1 /* Info.plist */,
				68B2AA2A209A0CE300796723 /* Post.swift */,
			);
			path = CustomApp;
			sourceTree = "<group>";
		};
		A915FB26208728BE006DAF81 /* CustomAppTests */ = {
			isa = PBXGroup;
			children = (
				A915FB29208728BE006DAF81 /* Info.plist */,
				A915FB27208728BE006DAF81 /* CustomAppTests.swift */,
			);
			path = CustomAppTests;
			sourceTree = "<group>";
		};
		A915FB31208728BE006DAF81 /* CustomAppUITests */ = {
			isa = PBXGroup;
			children = (
				A915FB32208728BE006DAF81 /* CustomAppUITests.swift */,
				A915FB34208728BE006DAF81 /* Info.plist */,
			);
			path = CustomAppUITests;
			sourceTree = "<group>";
		};
		EEDCADC32E0E724BFC2971CB /* Pods */ = {
			isa = PBXGroup;
			children = (
				DF48C07D1FCB52F82F147525 /* Pods-CustomApp.debug.xcconfig */,
				5EECB3F147DC00E91D8C7F85 /* Pods-CustomApp.release.xcconfig */,
				76FD12DAFCF5D5929636B851 /* Pods-CustomAppTests.debug.xcconfig */,
				6ADB789E93438D2B1EA1A26D /* Pods-CustomAppTests.release.xcconfig */,
				FDA9574A949C3532A4303B38 /* Pods-CustomAppUITests.debug.xcconfig */,
				B05E16F887990CF42E546708 /* Pods-CustomAppUITests.release.xcconfig */,
			);
			name = Pods;
			sourceTree = "<group>";
		};
/* End PBXGroup section */

/* Begin PBXNativeTarget section */
		A915FB0E208728BE006DAF81 /* CustomApp */ = {
			isa = PBXNativeTarget;
			buildConfigurationList = A915FB37208728BE006DAF81 /* Build configuration list for PBXNativeTarget "CustomApp" */;
			buildPhases = (
				B94F51156DD45492C503DF18 /* [CP] Check Pods Manifest.lock */,
				A915FB0B208728BE006DAF81 /* Sources */,
				A915FB0C208728BE006DAF81 /* Frameworks */,
				A915FB0D208728BE006DAF81 /* Resources */,
				D1D77E55154E73E6E8E8DCAB /* [CP] Embed Pods Frameworks */,
			);
			buildRules = (
			);
			dependencies = (
			);
			name = CustomApp;
			productName = CustomApp;
			productReference = A915FB0F208728BE006DAF81 /* CustomApp.app */;
			productType = "com.apple.product-type.application";
		};
		A915FB22208728BE006DAF81 /* CustomAppTests */ = {
			isa = PBXNativeTarget;
			buildConfigurationList = A915FB3A208728BE006DAF81 /* Build configuration list for PBXNativeTarget "CustomAppTests" */;
			buildPhases = (
				CCC5DCB06C516E7B533ABD40 /* [CP] Check Pods Manifest.lock */,
				A915FB1F208728BE006DAF81 /* Sources */,
				A915FB20208728BE006DAF81 /* Frameworks */,
				A915FB21208728BE006DAF81 /* Resources */,
			);
			buildRules = (
			);
			dependencies = (
				A915FB25208728BE006DAF81 /* PBXTargetDependency */,
			);
			name = CustomAppTests;
			productName = CustomAppTests;
			productReference = A915FB23208728BE006DAF81 /* CustomAppTests.xctest */;
			productType = "com.apple.product-type.bundle.unit-test";
		};
		A915FB2D208728BE006DAF81 /* CustomAppUITests */ = {
			isa = PBXNativeTarget;
			buildConfigurationList = A915FB3D208728BE006DAF81 /* Build configuration list for PBXNativeTarget "CustomAppUITests" */;
			buildPhases = (
				BC568F7937586F99F915D213 /* [CP] Check Pods Manifest.lock */,
				A915FB2A208728BE006DAF81 /* Sources */,
				A915FB2B208728BE006DAF81 /* Frameworks */,
				A915FB2C208728BE006DAF81 /* Resources */,
			);
			buildRules = (
			);
			dependencies = (
				A915FB30208728BE006DAF81 /* PBXTargetDependency */,
			);
			name = CustomAppUITests;
			productName = CustomAppUITests;
			productReference = A915FB2E208728BE006DAF81 /* CustomAppUITests.xctest */;
			productType = "com.apple.product-type.bundle.ui-testing";
		};
/* End PBXNativeTarget section */

/* Begin PBXProject section */
		A915FB07208728BE006DAF81 /* Project object */ = {
			isa = PBXProject;
			attributes = {
				LastSwiftUpdateCheck = 0920;
				LastUpgradeCheck = 0920;
				ORGANIZATIONNAME = "wendy hua";
				TargetAttributes = {
					A915FB0E208728BE006DAF81 = {
						CreatedOnToolsVersion = 9.2;
						ProvisioningStyle = Automatic;
					};
					A915FB22208728BE006DAF81 = {
						CreatedOnToolsVersion = 9.2;
						ProvisioningStyle = Automatic;
						TestTargetID = A915FB0E208728BE006DAF81;
					};
					A915FB2D208728BE006DAF81 = {
						CreatedOnToolsVersion = 9.2;
						ProvisioningStyle = Automatic;
						TestTargetID = A915FB0E208728BE006DAF81;
					};
				};
			};
			buildConfigurationList = A915FB0A208728BE006DAF81 /* Build configuration list for PBXProject "CustomApp" */;
			compatibilityVersion = "Xcode 8.0";
			developmentRegion = en;
			hasScannedForEncodings = 0;
			knownRegions = (
				en,
				Base,
			);
			mainGroup = A915FB06208728BE006DAF81;
			productRefGroup = A915FB10208728BE006DAF81 /* Products */;
			projectDirPath = "";
			projectRoot = "";
			targets = (
				A915FB0E208728BE006DAF81 /* CustomApp */,
				A915FB22208728BE006DAF81 /* CustomAppTests */,
				A915FB2D208728BE006DAF81 /* CustomAppUITests */,
			);
		};
/* End PBXProject section */

/* Begin PBXResourcesBuildPhase section */
		A915FB0D208728BE006DAF81 /* Resources */ = {
			isa = PBXResourcesBuildPhase;
			buildActionMask = 2147483647;
			files = (
				A915FB1D208728BE006DAF81 /* LaunchScreen.storyboard in Resources */,
				689F9A96208F2B3C00A99F5E /* GoogleService-Info.plist in Resources */,
				A915FB1A208728BE006DAF81 /* Layer 2@3x.png in Resources */,
				6874D4B2209853CA00136DA1 /* Info.plist in Resources */,
				A915FB18208728BE006DAF81 /* Main.storyboard in Resources */,
			);
			runOnlyForDeploymentPostprocessing = 0;
		};
		A915FB21208728BE006DAF81 /* Resources */ = {
			isa = PBXResourcesBuildPhase;
			buildActionMask = 2147483647;
			files = (
			);
			runOnlyForDeploymentPostprocessing = 0;
		};
		A915FB2C208728BE006DAF81 /* Resources */ = {
			isa = PBXResourcesBuildPhase;
			buildActionMask = 2147483647;
			files = (
			);
			runOnlyForDeploymentPostprocessing = 0;
		};
/* End PBXResourcesBuildPhase section */

/* Begin PBXShellScriptBuildPhase section */
		B94F51156DD45492C503DF18 /* [CP] Check Pods Manifest.lock */ = {
			isa = PBXShellScriptBuildPhase;
			buildActionMask = 2147483647;
			files = (
			);
			inputPaths = (
				"${PODS_PODFILE_DIR_PATH}/Podfile.lock",
				"${PODS_ROOT}/Manifest.lock",
			);
			name = "[CP] Check Pods Manifest.lock";
			outputPaths = (
				"$(DERIVED_FILE_DIR)/Pods-CustomApp-checkManifestLockResult.txt",
			);
			runOnlyForDeploymentPostprocessing = 0;
			shellPath = /bin/sh;
			shellScript = "diff \"${PODS_PODFILE_DIR_PATH}/Podfile.lock\" \"${PODS_ROOT}/Manifest.lock\" > /dev/null\nif [ $? != 0 ] ; then\n    # print error to STDERR\n    echo \"error: The sandbox is not in sync with the Podfile.lock. Run 'pod install' or update your CocoaPods installation.\" >&2\n    exit 1\nfi\n# This output is used by Xcode 'outputs' to avoid re-running this script phase.\necho \"SUCCESS\" > \"${SCRIPT_OUTPUT_FILE_0}\"\n";
			showEnvVarsInLog = 0;
		};
		BC568F7937586F99F915D213 /* [CP] Check Pods Manifest.lock */ = {
			isa = PBXShellScriptBuildPhase;
			buildActionMask = 2147483647;
			files = (
			);
			inputPaths = (
				"${PODS_PODFILE_DIR_PATH}/Podfile.lock",
				"${PODS_ROOT}/Manifest.lock",
			);
			name = "[CP] Check Pods Manifest.lock";
			outputPaths = (
				"$(DERIVED_FILE_DIR)/Pods-CustomAppUITests-checkManifestLockResult.txt",
			);
			runOnlyForDeploymentPostprocessing = 0;
			shellPath = /bin/sh;
			shellScript = "diff \"${PODS_PODFILE_DIR_PATH}/Podfile.lock\" \"${PODS_ROOT}/Manifest.lock\" > /dev/null\nif [ $? != 0 ] ; then\n    # print error to STDERR\n    echo \"error: The sandbox is not in sync with the Podfile.lock. Run 'pod install' or update your CocoaPods installation.\" >&2\n    exit 1\nfi\n# This output is used by Xcode 'outputs' to avoid re-running this script phase.\necho \"SUCCESS\" > \"${SCRIPT_OUTPUT_FILE_0}\"\n";
			showEnvVarsInLog = 0;
		};
		CCC5DCB06C516E7B533ABD40 /* [CP] Check Pods Manifest.lock */ = {
			isa = PBXShellScriptBuildPhase;
			buildActionMask = 2147483647;
			files = (
			);
			inputPaths = (
				"${PODS_PODFILE_DIR_PATH}/Podfile.lock",
				"${PODS_ROOT}/Manifest.lock",
			);
			name = "[CP] Check Pods Manifest.lock";
			outputPaths = (
				"$(DERIVED_FILE_DIR)/Pods-CustomAppTests-checkManifestLockResult.txt",
			);
			runOnlyForDeploymentPostprocessing = 0;
			shellPath = /bin/sh;
			shellScript = "diff \"${PODS_PODFILE_DIR_PATH}/Podfile.lock\" \"${PODS_ROOT}/Manifest.lock\" > /dev/null\nif [ $? != 0 ] ; then\n    # print error to STDERR\n    echo \"error: The sandbox is not in sync with the Podfile.lock. Run 'pod install' or update your CocoaPods installation.\" >&2\n    exit 1\nfi\n# This output is used by Xcode 'outputs' to avoid re-running this script phase.\necho \"SUCCESS\" > \"${SCRIPT_OUTPUT_FILE_0}\"\n";
			showEnvVarsInLog = 0;
		};
		D1D77E55154E73E6E8E8DCAB /* [CP] Embed Pods Frameworks */ = {
			isa = PBXShellScriptBuildPhase;
			buildActionMask = 2147483647;
			files = (
			);
			inputPaths = (
				"${SRCROOT}/Pods/Target Support Files/Pods-CustomApp/Pods-CustomApp-frameworks.sh",
				"${BUILT_PRODUCTS_DIR}/GTMSessionFetcher/GTMSessionFetcher.framework",
				"${BUILT_PRODUCTS_DIR}/GoogleToolboxForMac/GoogleToolboxForMac.framework",
				"${BUILT_PRODUCTS_DIR}/SDWebImage/SDWebImage.framework",
				"${BUILT_PRODUCTS_DIR}/leveldb-library/leveldb.framework",
				"${BUILT_PRODUCTS_DIR}/nanopb/nanopb.framework",
			);
			name = "[CP] Embed Pods Frameworks";
			outputPaths = (
				"${TARGET_BUILD_DIR}/${FRAMEWORKS_FOLDER_PATH}/GTMSessionFetcher.framework",
				"${TARGET_BUILD_DIR}/${FRAMEWORKS_FOLDER_PATH}/GoogleToolboxForMac.framework",
				"${TARGET_BUILD_DIR}/${FRAMEWORKS_FOLDER_PATH}/SDWebImage.framework",
				"${TARGET_BUILD_DIR}/${FRAMEWORKS_FOLDER_PATH}/leveldb.framework",
				"${TARGET_BUILD_DIR}/${FRAMEWORKS_FOLDER_PATH}/nanopb.framework",
			);
			runOnlyForDeploymentPostprocessing = 0;
			shellPath = /bin/sh;
			shellScript = "\"${SRCROOT}/Pods/Target Support Files/Pods-CustomApp/Pods-CustomApp-frameworks.sh\"\n";
			showEnvVarsInLog = 0;
		};
/* End PBXShellScriptBuildPhase section */

/* Begin PBXSourcesBuildPhase section */
		A915FB0B208728BE006DAF81 /* Sources */ = {
			isa = PBXSourcesBuildPhase;
			buildActionMask = 2147483647;
			files = (
				6874D4A92097BF3F00136DA1 /* texture.png in Sources */,
				6874D4A72097BF1F00136DA1 /* ship.scn in Sources */,
				6899CC0B208E6140002CA868 /* SignInViewController.swift in Sources */,
				6899CC13208F231A002CA868 /* SignUpViewController.swift in Sources */,
				A915FB13208728BE006DAF81 /* AppDelegate.swift in Sources */,
				686E75D82091B1A8000B3C5C /* TitleViewController.swift in Sources */,
				6874D4A52096A53800136DA1 /* ARViewController.swift in Sources */,
				6874D4AC20980BC700136DA1 /* MapViewController.swift in Sources */,
				68B2AA2B209A0CE300796723 /* Post.swift in Sources */,
			);
			runOnlyForDeploymentPostprocessing = 0;
		};
		A915FB1F208728BE006DAF81 /* Sources */ = {
			isa = PBXSourcesBuildPhase;
			buildActionMask = 2147483647;
			files = (
				A915FB28208728BE006DAF81 /* CustomAppTests.swift in Sources */,
			);
			runOnlyForDeploymentPostprocessing = 0;
		};
		A915FB2A208728BE006DAF81 /* Sources */ = {
			isa = PBXSourcesBuildPhase;
			buildActionMask = 2147483647;
			files = (
				A915FB33208728BE006DAF81 /* CustomAppUITests.swift in Sources */,
			);
			runOnlyForDeploymentPostprocessing = 0;
		};
/* End PBXSourcesBuildPhase section */

/* Begin PBXTargetDependency section */
		A915FB25208728BE006DAF81 /* PBXTargetDependency */ = {
			isa = PBXTargetDependency;
			target = A915FB0E208728BE006DAF81 /* CustomApp */;
			targetProxy = A915FB24208728BE006DAF81 /* PBXContainerItemProxy */;
		};
		A915FB30208728BE006DAF81 /* PBXTargetDependency */ = {
			isa = PBXTargetDependency;
			target = A915FB0E208728BE006DAF81 /* CustomApp */;
			targetProxy = A915FB2F208728BE006DAF81 /* PBXContainerItemProxy */;
		};
/* End PBXTargetDependency section */

/* Begin PBXVariantGroup section */
		A915FB16208728BE006DAF81 /* Main.storyboard */ = {
			isa = PBXVariantGroup;
			children = (
				A915FB17208728BE006DAF81 /* Base */,
			);
			name = Main.storyboard;
			sourceTree = "<group>";
		};
		A915FB1B208728BE006DAF81 /* LaunchScreen.storyboard */ = {
			isa = PBXVariantGroup;
			children = (
				A915FB1C208728BE006DAF81 /* Base */,
			);
			name = LaunchScreen.storyboard;
			sourceTree = "<group>";
		};
/* End PBXVariantGroup section */

/* Begin XCBuildConfiguration section */
		A915FB35208728BE006DAF81 /* Debug */ = {
			isa = XCBuildConfiguration;
			buildSettings = {
				ALWAYS_SEARCH_USER_PATHS = NO;
				CLANG_ANALYZER_NONNULL = YES;
				CLANG_ANALYZER_NUMBER_OBJECT_CONVERSION = YES_AGGRESSIVE;
				CLANG_CXX_LANGUAGE_STANDARD = "gnu++14";
				CLANG_CXX_LIBRARY = "libc++";
				CLANG_ENABLE_MODULES = YES;
				CLANG_ENABLE_OBJC_ARC = YES;
				CLANG_WARN_BLOCK_CAPTURE_AUTORELEASING = YES;
				CLANG_WARN_BOOL_CONVERSION = YES;
				CLANG_WARN_COMMA = YES;
				CLANG_WARN_CONSTANT_CONVERSION = YES;
				CLANG_WARN_DIRECT_OBJC_ISA_USAGE = YES_ERROR;
				CLANG_WARN_DOCUMENTATION_COMMENTS = YES;
				CLANG_WARN_EMPTY_BODY = YES;
				CLANG_WARN_ENUM_CONVERSION = YES;
				CLANG_WARN_INFINITE_RECURSION = YES;
				CLANG_WARN_INT_CONVERSION = YES;
				CLANG_WARN_NON_LITERAL_NULL_CONVERSION = YES;
				CLANG_WARN_OBJC_LITERAL_CONVERSION = YES;
				CLANG_WARN_OBJC_ROOT_CLASS = YES_ERROR;
				CLANG_WARN_RANGE_LOOP_ANALYSIS = YES;
				CLANG_WARN_STRICT_PROTOTYPES = YES;
				CLANG_WARN_SUSPICIOUS_MOVE = YES;
				CLANG_WARN_UNGUARDED_AVAILABILITY = YES_AGGRESSIVE;
				CLANG_WARN_UNREACHABLE_CODE = YES;
				CLANG_WARN__DUPLICATE_METHOD_MATCH = YES;
				CODE_SIGN_IDENTITY = "iPhone Developer";
				COPY_PHASE_STRIP = NO;
				DEBUG_INFORMATION_FORMAT = dwarf;
				ENABLE_STRICT_OBJC_MSGSEND = YES;
				ENABLE_TESTABILITY = YES;
				GCC_C_LANGUAGE_STANDARD = gnu11;
				GCC_DYNAMIC_NO_PIC = NO;
				GCC_NO_COMMON_BLOCKS = YES;
				GCC_OPTIMIZATION_LEVEL = 0;
				GCC_PREPROCESSOR_DEFINITIONS = (
					"DEBUG=1",
					"$(inherited)",
				);
				GCC_WARN_64_TO_32_BIT_CONVERSION = YES;
				GCC_WARN_ABOUT_RETURN_TYPE = YES_ERROR;
				GCC_WARN_UNDECLARED_SELECTOR = YES;
				GCC_WARN_UNINITIALIZED_AUTOS = YES_AGGRESSIVE;
				GCC_WARN_UNUSED_FUNCTION = YES;
				GCC_WARN_UNUSED_VARIABLE = YES;
				IPHONEOS_DEPLOYMENT_TARGET = 11.2;
				MTL_ENABLE_DEBUG_INFO = YES;
				ONLY_ACTIVE_ARCH = YES;
				SDKROOT = iphoneos;
				SWIFT_ACTIVE_COMPILATION_CONDITIONS = DEBUG;
				SWIFT_OPTIMIZATION_LEVEL = "-Onone";
			};
			name = Debug;
		};
		A915FB36208728BE006DAF81 /* Release */ = {
			isa = XCBuildConfiguration;
			buildSettings = {
				ALWAYS_SEARCH_USER_PATHS = NO;
				CLANG_ANALYZER_NONNULL = YES;
				CLANG_ANALYZER_NUMBER_OBJECT_CONVERSION = YES_AGGRESSIVE;
				CLANG_CXX_LANGUAGE_STANDARD = "gnu++14";
				CLANG_CXX_LIBRARY = "libc++";
				CLANG_ENABLE_MODULES = YES;
				CLANG_ENABLE_OBJC_ARC = YES;
				CLANG_WARN_BLOCK_CAPTURE_AUTORELEASING = YES;
				CLANG_WARN_BOOL_CONVERSION = YES;
				CLANG_WARN_COMMA = YES;
				CLANG_WARN_CONSTANT_CONVERSION = YES;
				CLANG_WARN_DIRECT_OBJC_ISA_USAGE = YES_ERROR;
				CLANG_WARN_DOCUMENTATION_COMMENTS = YES;
				CLANG_WARN_EMPTY_BODY = YES;
				CLANG_WARN_ENUM_CONVERSION = YES;
				CLANG_WARN_INFINITE_RECURSION = YES;
				CLANG_WARN_INT_CONVERSION = YES;
				CLANG_WARN_NON_LITERAL_NULL_CONVERSION = YES;
				CLANG_WARN_OBJC_LITERAL_CONVERSION = YES;
				CLANG_WARN_OBJC_ROOT_CLASS = YES_ERROR;
				CLANG_WARN_RANGE_LOOP_ANALYSIS = YES;
				CLANG_WARN_STRICT_PROTOTYPES = YES;
				CLANG_WARN_SUSPICIOUS_MOVE = YES;
				CLANG_WARN_UNGUARDED_AVAILABILITY = YES_AGGRESSIVE;
				CLANG_WARN_UNREACHABLE_CODE = YES;
				CLANG_WARN__DUPLICATE_METHOD_MATCH = YES;
				CODE_SIGN_IDENTITY = "iPhone Developer";
				COPY_PHASE_STRIP = NO;
				DEBUG_INFORMATION_FORMAT = "dwarf-with-dsym";
				ENABLE_NS_ASSERTIONS = NO;
				ENABLE_STRICT_OBJC_MSGSEND = YES;
				GCC_C_LANGUAGE_STANDARD = gnu11;
				GCC_NO_COMMON_BLOCKS = YES;
				GCC_WARN_64_TO_32_BIT_CONVERSION = YES;
				GCC_WARN_ABOUT_RETURN_TYPE = YES_ERROR;
				GCC_WARN_UNDECLARED_SELECTOR = YES;
				GCC_WARN_UNINITIALIZED_AUTOS = YES_AGGRESSIVE;
				GCC_WARN_UNUSED_FUNCTION = YES;
				GCC_WARN_UNUSED_VARIABLE = YES;
				IPHONEOS_DEPLOYMENT_TARGET = 11.2;
				MTL_ENABLE_DEBUG_INFO = NO;
				SDKROOT = iphoneos;
				SWIFT_OPTIMIZATION_LEVEL = "-Owholemodule";
				VALIDATE_PRODUCT = YES;
			};
			name = Release;
		};
		A915FB38208728BE006DAF81 /* Debug */ = {
			isa = XCBuildConfiguration;
			baseConfigurationReference = DF48C07D1FCB52F82F147525 /* Pods-CustomApp.debug.xcconfig */;
			buildSettings = {
				ASSETCATALOG_COMPILER_APPICON_NAME = AppIcon;
				CODE_SIGN_STYLE = Automatic;
				DEVELOPMENT_TEAM = MA5GA5485F;
				INFOPLIST_FILE = CustomApp/Info.plist;
				LD_RUNPATH_SEARCH_PATHS = "$(inherited) @executable_path/Frameworks";
				PRODUCT_BUNDLE_IDENTIFIER = blergh.CustomApps;
				PRODUCT_NAME = "$(TARGET_NAME)";
				SWIFT_VERSION = 4.0;
				TARGETED_DEVICE_FAMILY = "1,2";
			};
			name = Debug;
		};
		A915FB39208728BE006DAF81 /* Release */ = {
			isa = XCBuildConfiguration;
			baseConfigurationReference = 5EECB3F147DC00E91D8C7F85 /* Pods-CustomApp.release.xcconfig */;
			buildSettings = {
				ASSETCATALOG_COMPILER_APPICON_NAME = AppIcon;
				CODE_SIGN_STYLE = Automatic;
				DEVELOPMENT_TEAM = MA5GA5485F;
				INFOPLIST_FILE = CustomApp/Info.plist;
				LD_RUNPATH_SEARCH_PATHS = "$(inherited) @executable_path/Frameworks";
				PRODUCT_BUNDLE_IDENTIFIER = blergh.CustomApps;
				PRODUCT_NAME = "$(TARGET_NAME)";
				SWIFT_VERSION = 4.0;
				TARGETED_DEVICE_FAMILY = "1,2";
			};
			name = Release;
		};
		A915FB3B208728BE006DAF81 /* Debug */ = {
			isa = XCBuildConfiguration;
			baseConfigurationReference = 76FD12DAFCF5D5929636B851 /* Pods-CustomAppTests.debug.xcconfig */;
			buildSettings = {
				ALWAYS_EMBED_SWIFT_STANDARD_LIBRARIES = YES;
				BUNDLE_LOADER = "$(TEST_HOST)";
				CODE_SIGN_STYLE = Automatic;
				INFOPLIST_FILE = CustomAppTests/Info.plist;
				LD_RUNPATH_SEARCH_PATHS = "$(inherited) @executable_path/Frameworks @loader_path/Frameworks";
				PRODUCT_BUNDLE_IDENTIFIER = blergh.CustomAppTests;
				PRODUCT_NAME = "$(TARGET_NAME)";
				SWIFT_VERSION = 4.0;
				TARGETED_DEVICE_FAMILY = "1,2";
				TEST_HOST = "$(BUILT_PRODUCTS_DIR)/CustomApp.app/CustomApp";
			};
			name = Debug;
		};
		A915FB3C208728BE006DAF81 /* Release */ = {
			isa = XCBuildConfiguration;
			baseConfigurationReference = 6ADB789E93438D2B1EA1A26D /* Pods-CustomAppTests.release.xcconfig */;
			buildSettings = {
				ALWAYS_EMBED_SWIFT_STANDARD_LIBRARIES = YES;
				BUNDLE_LOADER = "$(TEST_HOST)";
				CODE_SIGN_STYLE = Automatic;
				INFOPLIST_FILE = CustomAppTests/Info.plist;
				LD_RUNPATH_SEARCH_PATHS = "$(inherited) @executable_path/Frameworks @loader_path/Frameworks";
				PRODUCT_BUNDLE_IDENTIFIER = blergh.CustomAppTests;
				PRODUCT_NAME = "$(TARGET_NAME)";
				SWIFT_VERSION = 4.0;
				TARGETED_DEVICE_FAMILY = "1,2";
				TEST_HOST = "$(BUILT_PRODUCTS_DIR)/CustomApp.app/CustomApp";
			};
			name = Release;
		};
		A915FB3E208728BE006DAF81 /* Debug */ = {
			isa = XCBuildConfiguration;
			baseConfigurationReference = FDA9574A949C3532A4303B38 /* Pods-CustomAppUITests.debug.xcconfig */;
			buildSettings = {
				ALWAYS_EMBED_SWIFT_STANDARD_LIBRARIES = YES;
				CODE_SIGN_STYLE = Automatic;
				INFOPLIST_FILE = CustomAppUITests/Info.plist;
				LD_RUNPATH_SEARCH_PATHS = "$(inherited) @executable_path/Frameworks @loader_path/Frameworks";
				PRODUCT_BUNDLE_IDENTIFIER = blergh.CustomAppUITests;
				PRODUCT_NAME = "$(TARGET_NAME)";
				SWIFT_VERSION = 4.0;
				TARGETED_DEVICE_FAMILY = "1,2";
				TEST_TARGET_NAME = CustomApp;
			};
			name = Debug;
		};
		A915FB3F208728BE006DAF81 /* Release */ = {
			isa = XCBuildConfiguration;
			baseConfigurationReference = B05E16F887990CF42E546708 /* Pods-CustomAppUITests.release.xcconfig */;
			buildSettings = {
				ALWAYS_EMBED_SWIFT_STANDARD_LIBRARIES = YES;
				CODE_SIGN_STYLE = Automatic;
				INFOPLIST_FILE = CustomAppUITests/Info.plist;
				LD_RUNPATH_SEARCH_PATHS = "$(inherited) @executable_path/Frameworks @loader_path/Frameworks";
				PRODUCT_BUNDLE_IDENTIFIER = blergh.CustomAppUITests;
				PRODUCT_NAME = "$(TARGET_NAME)";
				SWIFT_VERSION = 4.0;
				TARGETED_DEVICE_FAMILY = "1,2";
				TEST_TARGET_NAME = CustomApp;
			};
			name = Release;
		};
/* End XCBuildConfiguration section */

/* Begin XCConfigurationList section */
		A915FB0A208728BE006DAF81 /* Build configuration list for PBXProject "CustomApp" */ = {
			isa = XCConfigurationList;
			buildConfigurations = (
				A915FB35208728BE006DAF81 /* Debug */,
				A915FB36208728BE006DAF81 /* Release */,
			);
			defaultConfigurationIsVisible = 0;
			defaultConfigurationName = Release;
		};
		A915FB37208728BE006DAF81 /* Build configuration list for PBXNativeTarget "CustomApp" */ = {
			isa = XCConfigurationList;
			buildConfigurations = (
				A915FB38208728BE006DAF81 /* Debug */,
				A915FB39208728BE006DAF81 /* Release */,
			);
			defaultConfigurationIsVisible = 0;
			defaultConfigurationName = Release;
		};
		A915FB3A208728BE006DAF81 /* Build configuration list for PBXNativeTarget "CustomAppTests" */ = {
			isa = XCConfigurationList;
			buildConfigurations = (
				A915FB3B208728BE006DAF81 /* Debug */,
				A915FB3C208728BE006DAF81 /* Release */,
			);
			defaultConfigurationIsVisible = 0;
			defaultConfigurationName = Release;
		};
		A915FB3D208728BE006DAF81 /* Build configuration list for PBXNativeTarget "CustomAppUITests" */ = {
			isa = XCConfigurationList;
			buildConfigurations = (
				A915FB3E208728BE006DAF81 /* Debug */,
				A915FB3F208728BE006DAF81 /* Release */,
			);
			defaultConfigurationIsVisible = 0;
			defaultConfigurationName = Release;
		};
/* End XCConfigurationList section */
	};
	rootObject = A915FB07208728BE006DAF81 /* Project object */;
}
